// !$*UTF8*$!
{
	archiveVersion = 1;
	classes = {
	};
	objectVersion = 48;
	objects = {

/* Begin PBXBuildFile section */
		20011F8620DAAD07003BA2CC /* CreateMemeViewController.swift in Sources */ = {isa = PBXBuildFile; fileRef = 20011F8520DAAD07003BA2CC /* CreateMemeViewController.swift */; };
		20011F8920DAAD2B003BA2CC /* ListMemesCollectionViewController.swift in Sources */ = {isa = PBXBuildFile; fileRef = 20011F8720DAAD2B003BA2CC /* ListMemesCollectionViewController.swift */; };
		20011F8A20DAAD2B003BA2CC /* ListMemesTableViewController.swift in Sources */ = {isa = PBXBuildFile; fileRef = 20011F8820DAAD2B003BA2CC /* ListMemesTableViewController.swift */; };
		20088C2C20D874F3003E201D /* ListMemesTableViewCell.swift in Sources */ = {isa = PBXBuildFile; fileRef = 20088C2B20D874F3003E201D /* ListMemesTableViewCell.swift */; };
		20088C2E20D87509003E201D /* MemeCollectionViewCell.swift in Sources */ = {isa = PBXBuildFile; fileRef = 20088C2D20D87509003E201D /* MemeCollectionViewCell.swift */; };
		2060915C20D972BE00EC8CBA /* DetailsMemeViewController.swift in Sources */ = {isa = PBXBuildFile; fileRef = 2060915B20D972BE00EC8CBA /* DetailsMemeViewController.swift */; };
		20694A7F20B2673600D07F7F /* AppDelegate.swift in Sources */ = {isa = PBXBuildFile; fileRef = 20694A7020B2673600D07F7F /* AppDelegate.swift */; };
		20694A8020B2673600D07F7F /* Info.plist in Resources */ = {isa = PBXBuildFile; fileRef = 20694A7120B2673600D07F7F /* Info.plist */; };
		20694A8120B2673600D07F7F /* Meme.swift in Sources */ = {isa = PBXBuildFile; fileRef = 20694A7320B2673600D07F7F /* Meme.swift */; };
		20694A8220B2673600D07F7F /* Assets.xcassets in Resources */ = {isa = PBXBuildFile; fileRef = 20694A7520B2673600D07F7F /* Assets.xcassets */; };
		20694A8320B2673600D07F7F /* LaunchScreen.storyboard in Resources */ = {isa = PBXBuildFile; fileRef = 20694A7720B2673600D07F7F /* LaunchScreen.storyboard */; };
		20694A8620B2673600D07F7F /* InitialViewController+TextFieldExtension.swift in Sources */ = {isa = PBXBuildFile; fileRef = 20694A7E20B2673600D07F7F /* InitialViewController+TextFieldExtension.swift */; };
		20D6C50520CDAC05008AB6EC /* Meme.storyboard in Resources */ = {isa = PBXBuildFile; fileRef = 20D6C50420CDAC05008AB6EC /* Meme.storyboard */; };
/* End PBXBuildFile section */

/* Begin PBXFileReference section */
		20011F8520DAAD07003BA2CC /* CreateMemeViewController.swift */ = {isa = PBXFileReference; fileEncoding = 4; lastKnownFileType = sourcecode.swift; path = CreateMemeViewController.swift; sourceTree = "<group>"; };
		20011F8720DAAD2B003BA2CC /* ListMemesCollectionViewController.swift */ = {isa = PBXFileReference; fileEncoding = 4; lastKnownFileType = sourcecode.swift; path = ListMemesCollectionViewController.swift; sourceTree = "<group>"; };
		20011F8820DAAD2B003BA2CC /* ListMemesTableViewController.swift */ = {isa = PBXFileReference; fileEncoding = 4; lastKnownFileType = sourcecode.swift; path = ListMemesTableViewController.swift; sourceTree = "<group>"; };
		20088C2B20D874F3003E201D /* ListMemesTableViewCell.swift */ = {isa = PBXFileReference; lastKnownFileType = sourcecode.swift; path = ListMemesTableViewCell.swift; sourceTree = "<group>"; };
		20088C2D20D87509003E201D /* MemeCollectionViewCell.swift */ = {isa = PBXFileReference; lastKnownFileType = sourcecode.swift; path = MemeCollectionViewCell.swift; sourceTree = "<group>"; };
		2060915B20D972BE00EC8CBA /* DetailsMemeViewController.swift */ = {isa = PBXFileReference; lastKnownFileType = sourcecode.swift; path = DetailsMemeViewController.swift; sourceTree = "<group>"; };
		20694A7020B2673600D07F7F /* AppDelegate.swift */ = {isa = PBXFileReference; fileEncoding = 4; lastKnownFileType = sourcecode.swift; path = AppDelegate.swift; sourceTree = "<group>"; };
		20694A7120B2673600D07F7F /* Info.plist */ = {isa = PBXFileReference; fileEncoding = 4; lastKnownFileType = text.plist.xml; path = Info.plist; sourceTree = "<group>"; };
		20694A7320B2673600D07F7F /* Meme.swift */ = {isa = PBXFileReference; fileEncoding = 4; lastKnownFileType = sourcecode.swift; path = Meme.swift; sourceTree = "<group>"; };
		20694A7520B2673600D07F7F /* Assets.xcassets */ = {isa = PBXFileReference; lastKnownFileType = folder.assetcatalog; path = Assets.xcassets; sourceTree = "<group>"; };
		20694A7820B2673600D07F7F /* Base */ = {isa = PBXFileReference; lastKnownFileType = file.storyboard; name = Base; path = Base.lproj/LaunchScreen.storyboard; sourceTree = "<group>"; };
		20694A7E20B2673600D07F7F /* InitialViewController+TextFieldExtension.swift */ = {isa = PBXFileReference; fileEncoding = 4; lastKnownFileType = sourcecode.swift; path = "InitialViewController+TextFieldExtension.swift"; sourceTree = "<group>"; };
		20D6C50420CDAC05008AB6EC /* Meme.storyboard */ = {isa = PBXFileReference; lastKnownFileType = file.storyboard; path = Meme.storyboard; sourceTree = "<group>"; };
		20E45F39209299FA00E785EC /* MemeMe.app */ = {isa = PBXFileReference; explicitFileType = wrapper.application; includeInIndex = 0; path = MemeMe.app; sourceTree = BUILT_PRODUCTS_DIR; };
/* End PBXFileReference section */

/* Begin PBXFrameworksBuildPhase section */
		20E45F36209299FA00E785EC /* Frameworks */ = {
			isa = PBXFrameworksBuildPhase;
			buildActionMask = 2147483647;
			files = (
			);
			runOnlyForDeploymentPostprocessing = 0;
		};
/* End PBXFrameworksBuildPhase section */

/* Begin PBXGroup section */
		20011F7B20DAAC50003BA2CC /* ViewControllers */ = {
			isa = PBXGroup;
			children = (
				20011F8720DAAD2B003BA2CC /* ListMemesCollectionViewController.swift */,
				20011F8820DAAD2B003BA2CC /* ListMemesTableViewController.swift */,
				20011F8520DAAD07003BA2CC /* CreateMemeViewController.swift */,
				2060915B20D972BE00EC8CBA /* DetailsMemeViewController.swift */,
			);
			path = ViewControllers;
			sourceTree = "<group>";
		};
		20088C2520D873AE003E201D /* Views */ = {
			isa = PBXGroup;
			children = (
				20088C2720D873C7003E201D /* CreateAndListMemes */,
			);
			path = Views;
			sourceTree = "<group>";
		};
		20088C2720D873C7003E201D /* CreateAndListMemes */ = {
			isa = PBXGroup;
			children = (
				20D6C50420CDAC05008AB6EC /* Meme.storyboard */,
				20011F7B20DAAC50003BA2CC /* ViewControllers */,
				20088C2A20D87434003E201D /* Cells */,
			);
			path = CreateAndListMemes;
			sourceTree = "<group>";
		};
		20088C2A20D87434003E201D /* Cells */ = {
			isa = PBXGroup;
			children = (
				20088C2B20D874F3003E201D /* ListMemesTableViewCell.swift */,
				20088C2D20D87509003E201D /* MemeCollectionViewCell.swift */,
			);
			path = Cells;
			sourceTree = "<group>";
		};
		20694A6F20B2673600D07F7F /* Aplication */ = {
			isa = PBXGroup;
			children = (
				20694A7020B2673600D07F7F /* AppDelegate.swift */,
				20694A7120B2673600D07F7F /* Info.plist */,
			);
			path = Aplication;
			sourceTree = "<group>";
		};
		20694A7220B2673600D07F7F /* Model */ = {
			isa = PBXGroup;
			children = (
				20694A7320B2673600D07F7F /* Meme.swift */,
			);
			path = Model;
			sourceTree = "<group>";
		};
		20694A7420B2673600D07F7F /* Resources */ = {
			isa = PBXGroup;
			children = (
				20694A7720B2673600D07F7F /* LaunchScreen.storyboard */,
				20694A7520B2673600D07F7F /* Assets.xcassets */,
			);
			path = Resources;
			sourceTree = "<group>";
		};
		20694A7D20B2673600D07F7F /* Extensions */ = {
			isa = PBXGroup;
			children = (
				20694A7E20B2673600D07F7F /* InitialViewController+TextFieldExtension.swift */,
			);
			path = Extensions;
			sourceTree = "<group>";
		};
		20E45F30209299FA00E785EC = {
			isa = PBXGroup;
			children = (
				20E45F3B209299FA00E785EC /* MemeMe */,
				20E45F3A209299FA00E785EC /* Products */,
			);
			sourceTree = "<group>";
		};
		20E45F3A209299FA00E785EC /* Products */ = {
			isa = PBXGroup;
			children = (
				20E45F39209299FA00E785EC /* MemeMe.app */,
			);
			name = Products;
			sourceTree = "<group>";
		};
		20E45F3B209299FA00E785EC /* MemeMe */ = {
			isa = PBXGroup;
			children = (
				20694A6F20B2673600D07F7F /* Aplication */,
				20694A7D20B2673600D07F7F /* Extensions */,
				20694A7220B2673600D07F7F /* Model */,
				20694A7420B2673600D07F7F /* Resources */,
				20088C2520D873AE003E201D /* Views */,
			);
			path = MemeMe;
			sourceTree = "<group>";
		};
/* End PBXGroup section */

/* Begin PBXNativeTarget section */
		20E45F38209299FA00E785EC /* MemeMe */ = {
			isa = PBXNativeTarget;
			buildConfigurationList = 20E45F4B209299FA00E785EC /* Build configuration list for PBXNativeTarget "MemeMe" */;
			buildPhases = (
				20E45F35209299FA00E785EC /* Sources */,
				20E45F36209299FA00E785EC /* Frameworks */,
				20E45F37209299FA00E785EC /* Resources */,
			);
			buildRules = (
			);
			dependencies = (
			);
			name = MemeMe;
			productName = MemeMe;
			productReference = 20E45F39209299FA00E785EC /* MemeMe.app */;
			productType = "com.apple.product-type.application";
		};
/* End PBXNativeTarget section */

/* Begin PBXProject section */
		20E45F31209299FA00E785EC /* Project object */ = {
			isa = PBXProject;
			attributes = {
				LastSwiftUpdateCheck = 0920;
				LastUpgradeCheck = 0920;
				ORGANIZATIONNAME = Roberth;
				TargetAttributes = {
					20E45F38209299FA00E785EC = {
						CreatedOnToolsVersion = 9.2;
						ProvisioningStyle = Automatic;
					};
				};
			};
			buildConfigurationList = 20E45F34209299FA00E785EC /* Build configuration list for PBXProject "MemeMe" */;
			compatibilityVersion = "Xcode 8.0";
			developmentRegion = en;
			hasScannedForEncodings = 0;
			knownRegions = (
				en,
				Base,
			);
			mainGroup = 20E45F30209299FA00E785EC;
			productRefGroup = 20E45F3A209299FA00E785EC /* Products */;
			projectDirPath = "";
			projectRoot = "";
			targets = (
				20E45F38209299FA00E785EC /* MemeMe */,
			);
		};
/* End PBXProject section */

/* Begin PBXResourcesBuildPhase section */
		20E45F37209299FA00E785EC /* Resources */ = {
			isa = PBXResourcesBuildPhase;
			buildActionMask = 2147483647;
			files = (
				20D6C50520CDAC05008AB6EC /* Meme.storyboard in Resources */,
				20694A8320B2673600D07F7F /* LaunchScreen.storyboard in Resources */,
				20694A8220B2673600D07F7F /* Assets.xcassets in Resources */,
				20694A8020B2673600D07F7F /* Info.plist in Resources */,
			);
			runOnlyForDeploymentPostprocessing = 0;
		};
/* End PBXResourcesBuildPhase section */

/* Begin PBXSourcesBuildPhase section */
		20E45F35209299FA00E785EC /* Sources */ = {
			isa = PBXSourcesBuildPhase;
			buildActionMask = 2147483647;
			files = (
				20011F8920DAAD2B003BA2CC /* ListMemesCollectionViewController.swift in Sources */,
				2060915C20D972BE00EC8CBA /* DetailsMemeViewController.swift in Sources */,
				20088C2E20D87509003E201D /* MemeCollectionViewCell.swift in Sources */,
				20088C2C20D874F3003E201D /* ListMemesTableViewCell.swift in Sources */,
				20011F8620DAAD07003BA2CC /* CreateMemeViewController.swift in Sources */,
				20694A7F20B2673600D07F7F /* AppDelegate.swift in Sources */,
				20011F8A20DAAD2B003BA2CC /* ListMemesTableViewController.swift in Sources */,
				20694A8120B2673600D07F7F /* Meme.swift in Sources */,
				20694A8620B2673600D07F7F /* InitialViewController+TextFieldExtension.swift in Sources */,
			);
			runOnlyForDeploymentPostprocessing = 0;
		};
/* End PBXSourcesBuildPhase section */

/* Begin PBXVariantGroup section */
		20694A7720B2673600D07F7F /* LaunchScreen.storyboard */ = {
			isa = PBXVariantGroup;
			children = (
				20694A7820B2673600D07F7F /* Base */,
			);
			name = LaunchScreen.storyboard;
			sourceTree = "<group>";
		};
/* End PBXVariantGroup section */

/* Begin XCBuildConfiguration section */
		20E45F49209299FA00E785EC /* Debug */ = {
			isa = XCBuildConfiguration;
			buildSettings = {
				ALWAYS_SEARCH_USER_PATHS = NO;
				CLANG_ANALYZER_NONNULL = YES;
				CLANG_ANALYZER_NUMBER_OBJECT_CONVERSION = YES_AGGRESSIVE;
				CLANG_CXX_LANGUAGE_STANDARD = "gnu++14";
				CLANG_CXX_LIBRARY = "libc++";
				CLANG_ENABLE_MODULES = YES;
				CLANG_ENABLE_OBJC_ARC = YES;
				CLANG_WARN_BLOCK_CAPTURE_AUTORELEASING = YES;
				CLANG_WARN_BOOL_CONVERSION = YES;
				CLANG_WARN_COMMA = YES;
				CLANG_WARN_CONSTANT_CONVERSION = YES;
				CLANG_WARN_DIRECT_OBJC_ISA_USAGE = YES_ERROR;
				CLANG_WARN_DOCUMENTATION_COMMENTS = YES;
				CLANG_WARN_EMPTY_BODY = YES;
				CLANG_WARN_ENUM_CONVERSION = YES;
				CLANG_WARN_INFINITE_RECURSION = YES;
				CLANG_WARN_INT_CONVERSION = YES;
				CLANG_WARN_NON_LITERAL_NULL_CONVERSION = YES;
				CLANG_WARN_OBJC_LITERAL_CONVERSION = YES;
				CLANG_WARN_OBJC_ROOT_CLASS = YES_ERROR;
				CLANG_WARN_RANGE_LOOP_ANALYSIS = YES;
				CLANG_WARN_STRICT_PROTOTYPES = YES;
				CLANG_WARN_SUSPICIOUS_MOVE = YES;
				CLANG_WARN_UNGUARDED_AVAILABILITY = YES_AGGRESSIVE;
				CLANG_WARN_UNREACHABLE_CODE = YES;
				CLANG_WARN__DUPLICATE_METHOD_MATCH = YES;
				CODE_SIGN_IDENTITY = "iPhone Developer";
				COPY_PHASE_STRIP = NO;
				DEBUG_INFORMATION_FORMAT = dwarf;
				ENABLE_STRICT_OBJC_MSGSEND = YES;
				ENABLE_TESTABILITY = YES;
				GCC_C_LANGUAGE_STANDARD = gnu11;
				GCC_DYNAMIC_NO_PIC = NO;
				GCC_NO_COMMON_BLOCKS = YES;
				GCC_OPTIMIZATION_LEVEL = 0;
				GCC_PREPROCESSOR_DEFINITIONS = (
					"DEBUG=1",
					"$(inherited)",
				);
				GCC_WARN_64_TO_32_BIT_CONVERSION = YES;
				GCC_WARN_ABOUT_RETURN_TYPE = YES_ERROR;
				GCC_WARN_UNDECLARED_SELECTOR = YES;
				GCC_WARN_UNINITIALIZED_AUTOS = YES_AGGRESSIVE;
				GCC_WARN_UNUSED_FUNCTION = YES;
				GCC_WARN_UNUSED_VARIABLE = YES;
				IPHONEOS_DEPLOYMENT_TARGET = 11.2;
				MTL_ENABLE_DEBUG_INFO = YES;
				ONLY_ACTIVE_ARCH = YES;
				SDKROOT = iphoneos;
				SWIFT_ACTIVE_COMPILATION_CONDITIONS = DEBUG;
				SWIFT_OPTIMIZATION_LEVEL = "-Onone";
			};
			name = Debug;
		};
		20E45F4A209299FA00E785EC /* Release */ = {
			isa = XCBuildConfiguration;
			buildSettings = {
				ALWAYS_SEARCH_USER_PATHS = NO;
				CLANG_ANALYZER_NONNULL = YES;
				CLANG_ANALYZER_NUMBER_OBJECT_CONVERSION = YES_AGGRESSIVE;
				CLANG_CXX_LANGUAGE_STANDARD = "gnu++14";
				CLANG_CXX_LIBRARY = "libc++";
				CLANG_ENABLE_MODULES = YES;
				CLANG_ENABLE_OBJC_ARC = YES;
				CLANG_WARN_BLOCK_CAPTURE_AUTORELEASING = YES;
				CLANG_WARN_BOOL_CONVERSION = YES;
				CLANG_WARN_COMMA = YES;
				CLANG_WARN_CONSTANT_CONVERSION = YES;
				CLANG_WARN_DIRECT_OBJC_ISA_USAGE = YES_ERROR;
				CLANG_WARN_DOCUMENTATION_COMMENTS = YES;
				CLANG_WARN_EMPTY_BODY = YES;
				CLANG_WARN_ENUM_CONVERSION = YES;
				CLANG_WARN_INFINITE_RECURSION = YES;
				CLANG_WARN_INT_CONVERSION = YES;
				CLANG_WARN_NON_LITERAL_NULL_CONVERSION = YES;
				CLANG_WARN_OBJC_LITERAL_CONVERSION = YES;
				CLANG_WARN_OBJC_ROOT_CLASS = YES_ERROR;
				CLANG_WARN_RANGE_LOOP_ANALYSIS = YES;
				CLANG_WARN_STRICT_PROTOTYPES = YES;
				CLANG_WARN_SUSPICIOUS_MOVE = YES;
				CLANG_WARN_UNGUARDED_AVAILABILITY = YES_AGGRESSIVE;
				CLANG_WARN_UNREACHABLE_CODE = YES;
				CLANG_WARN__DUPLICATE_METHOD_MATCH = YES;
				CODE_SIGN_IDENTITY = "iPhone Developer";
				COPY_PHASE_STRIP = NO;
				DEBUG_INFORMATION_FORMAT = "dwarf-with-dsym";
				ENABLE_NS_ASSERTIONS = NO;
				ENABLE_STRICT_OBJC_MSGSEND = YES;
				GCC_C_LANGUAGE_STANDARD = gnu11;
				GCC_NO_COMMON_BLOCKS = YES;
				GCC_WARN_64_TO_32_BIT_CONVERSION = YES;
				GCC_WARN_ABOUT_RETURN_TYPE = YES_ERROR;
				GCC_WARN_UNDECLARED_SELECTOR = YES;
				GCC_WARN_UNINITIALIZED_AUTOS = YES_AGGRESSIVE;
				GCC_WARN_UNUSED_FUNCTION = YES;
				GCC_WARN_UNUSED_VARIABLE = YES;
				IPHONEOS_DEPLOYMENT_TARGET = 11.2;
				MTL_ENABLE_DEBUG_INFO = NO;
				SDKROOT = iphoneos;
				SWIFT_OPTIMIZATION_LEVEL = "-Owholemodule";
				VALIDATE_PRODUCT = YES;
			};
			name = Release;
		};
		20E45F4C209299FA00E785EC /* Debug */ = {
			isa = XCBuildConfiguration;
			buildSettings = {
				ASSETCATALOG_COMPILER_APPICON_NAME = AppIcon;
				CODE_SIGN_STYLE = Automatic;
				DEVELOPMENT_TEAM = JUSXMY7SSG;
				INFOPLIST_FILE = "$(SRCROOT)/MemeMe/Aplication/Info.plist";
				LD_RUNPATH_SEARCH_PATHS = "$(inherited) @executable_path/Frameworks";
				PRODUCT_BUNDLE_IDENTIFIER = com.roberth.MemeMe.MemeMe;
				PRODUCT_NAME = "$(TARGET_NAME)";
				SWIFT_VERSION = 4.0;
				TARGETED_DEVICE_FAMILY = "1,2";
			};
			name = Debug;
		};
		20E45F4D209299FA00E785EC /* Release */ = {
			isa = XCBuildConfiguration;
			buildSettings = {
				ASSETCATALOG_COMPILER_APPICON_NAME = AppIcon;
				CODE_SIGN_STYLE = Automatic;
				DEVELOPMENT_TEAM = JUSXMY7SSG;
				INFOPLIST_FILE = "$(SRCROOT)/MemeMe/Aplication/Info.plist";
				LD_RUNPATH_SEARCH_PATHS = "$(inherited) @executable_path/Frameworks";
				PRODUCT_BUNDLE_IDENTIFIER = com.roberth.MemeMe.MemeMe;
				PRODUCT_NAME = "$(TARGET_NAME)";
				SWIFT_VERSION = 4.0;
				TARGETED_DEVICE_FAMILY = "1,2";
			};
			name = Release;
		};
/* End XCBuildConfiguration section */

/* Begin XCConfigurationList section */
		20E45F34209299FA00E785EC /* Build configuration list for PBXProject "MemeMe" */ = {
			isa = XCConfigurationList;
			buildConfigurations = (
				20E45F49209299FA00E785EC /* Debug */,
				20E45F4A209299FA00E785EC /* Release */,
			);
			defaultConfigurationIsVisible = 0;
			defaultConfigurationName = Release;
		};
		20E45F4B209299FA00E785EC /* Build configuration list for PBXNativeTarget "MemeMe" */ = {
			isa = XCConfigurationList;
			buildConfigurations = (
				20E45F4C209299FA00E785EC /* Debug */,
				20E45F4D209299FA00E785EC /* Release */,
			);
			defaultConfigurationIsVisible = 0;
			defaultConfigurationName = Release;
		};
/* End XCConfigurationList section */
	};
	rootObject = 20E45F31209299FA00E785EC /* Project object */;
}
